
Microsoft Visual Studio Solution File, Format Version 12.00
# Visual Studio Version 16
VisualStudioVersion = 16.0.31005.135
MinimumVisualStudioVersion = 10.0.40219.1
Project("{9A19103F-16F7-4668-BE54-9A1E7A4F7556}") = "OnBoarding.Data", "OnBoarding.Data\OnBoarding.Data.csproj", "{DE5F36FF-A2EA-4FFE-8DE1-82C51912E380}"
EndProject
Project("{9A19103F-16F7-4668-BE54-9A1E7A4F7556}") = "OnBoarding.Domain", "OnBoarding\OnBoarding.Domain.csproj", "{AD270BC0-1372-400E-AD79-63A89A283B5C}"
EndProject
Project("{9A19103F-16F7-4668-BE54-9A1E7A4F7556}") = "OnBoarding.IOC", "OnBoarding.IOC\OnBoarding.IOC.csproj", "{20F933FA-8CFD-4E22-A66B-71CA265FBB64}"
EndProject
Project("{9A19103F-16F7-4668-BE54-9A1E7A4F7556}") = "OnBoarding.API", "OnBoarding.API\OnBoarding.API.csproj", "{6E5B3FA7-66EA-48EC-AF98-33655A107F05}"
EndProject
Project("{FAE04EC0-301F-11D3-BF4B-00C04F79EFBC}") = "OnBoarding.Testes", "OnBoarding.Testes\OnBoarding.Testes.csproj", "{5F41A4FE-6168-4B6B-8EE4-2838A2C8206A}"
EndProject
Global
	GlobalSection(SolutionConfigurationPlatforms) = preSolution
		Debug|Any CPU = Debug|Any CPU
		Release|Any CPU = Release|Any CPU
	EndGlobalSection
	GlobalSection(ProjectConfigurationPlatforms) = postSolution
		{DE5F36FF-A2EA-4FFE-8DE1-82C51912E380}.Debug|Any CPU.ActiveCfg = Debug|Any CPU
		{DE5F36FF-A2EA-4FFE-8DE1-82C51912E380}.Debug|Any CPU.Build.0 = Debug|Any CPU
		{DE5F36FF-A2EA-4FFE-8DE1-82C51912E380}.Release|Any CPU.ActiveCfg = Release|Any CPU
		{DE5F36FF-A2EA-4FFE-8DE1-82C51912E380}.Release|Any CPU.Build.0 = Release|Any CPU
		{AD270BC0-1372-400E-AD79-63A89A283B5C}.Debug|Any CPU.ActiveCfg = Debug|Any CPU
		{AD270BC0-1372-400E-AD79-63A89A283B5C}.Debug|Any CPU.Build.0 = Debug|Any CPU
		{AD270BC0-1372-400E-AD79-63A89A283B5C}.Release|Any CPU.ActiveCfg = Release|Any CPU
		{AD270BC0-1372-400E-AD79-63A89A283B5C}.Release|Any CPU.Build.0 = Release|Any CPU
		{20F933FA-8CFD-4E22-A66B-71CA265FBB64}.Debug|Any CPU.ActiveCfg = Debug|Any CPU
		{20F933FA-8CFD-4E22-A66B-71CA265FBB64}.Debug|Any CPU.Build.0 = Debug|Any CPU
		{20F933FA-8CFD-4E22-A66B-71CA265FBB64}.Release|Any CPU.ActiveCfg = Release|Any CPU
		{20F933FA-8CFD-4E22-A66B-71CA265FBB64}.Release|Any CPU.Build.0 = Release|Any CPU
		{6E5B3FA7-66EA-48EC-AF98-33655A107F05}.Debug|Any CPU.ActiveCfg = Debug|Any CPU
		{6E5B3FA7-66EA-48EC-AF98-33655A107F05}.Debug|Any CPU.Build.0 = Debug|Any CPU
		{6E5B3FA7-66EA-48EC-AF98-33655A107F05}.Release|Any CPU.ActiveCfg = Release|Any CPU
		{6E5B3FA7-66EA-48EC-AF98-33655A107F05}.Release|Any CPU.Build.0 = Release|Any CPU
		{5F41A4FE-6168-4B6B-8EE4-2838A2C8206A}.Debug|Any CPU.ActiveCfg = Debug|Any CPU
		{5F41A4FE-6168-4B6B-8EE4-2838A2C8206A}.Debug|Any CPU.Build.0 = Debug|Any CPU
		{5F41A4FE-6168-4B6B-8EE4-2838A2C8206A}.Release|Any CPU.ActiveCfg = Release|Any CPU
		{5F41A4FE-6168-4B6B-8EE4-2838A2C8206A}.Release|Any CPU.Build.0 = Release|Any CPU
	EndGlobalSection
	GlobalSection(SolutionProperties) = preSolution
		HideSolutionNode = FALSE
	EndGlobalSection
	GlobalSection(ExtensibilityGlobals) = postSolution
		SolutionGuid = {214E69A1-6D0B-4932-B2A3-FC5028839FAD}
	EndGlobalSection
EndGlobal
